
Microsoft Visual Studio Solution File, Format Version 12.00
# Visual Studio Version 17
VisualStudioVersion = 17.13.35919.96 d17.13
MinimumVisualStudioVersion = 10.0.40219.1
Project("{FAE04EC0-301F-11D3-BF4B-00C04F79EFBC}") = "PhotonAPI", "PhotonAPI\PhotonAPI.csproj", "{BC51D306-ECAC-4A36-989F-309EBB09DE8A}"
EndProject
Global
	GlobalSection(SolutionConfigurationPlatforms) = preSolution
		Debug|Any CPU = Debug|Any CPU
		Release|Any CPU = Release|Any CPU
	EndGlobalSection
	GlobalSection(ProjectConfigurationPlatforms) = postSolution
		{BC51D306-ECAC-4A36-989F-309EBB09DE8A}.Debug|Any CPU.ActiveCfg = Debug|Any CPU
		{BC51D306-ECAC-4A36-989F-309EBB09DE8A}.Debug|Any CPU.Build.0 = Debug|Any CPU
		{BC51D306-ECAC-4A36-989F-309EBB09DE8A}.Release|Any CPU.ActiveCfg = Release|Any CPU
		{BC51D306-ECAC-4A36-989F-309EBB09DE8A}.Release|Any CPU.Build.0 = Release|Any CPU
	EndGlobalSection
	GlobalSection(SolutionProperties) = preSolution
		HideSolutionNode = FALSE
	EndGlobalSection
	GlobalSection(ExtensibilityGlobals) = postSolution
		SolutionGuid = {5844DFC8-D8A0-47C6-8551-099E75B12072}
	EndGlobalSection
EndGlobal
